
Microsoft Visual Studio Solution File, Format Version 12.00
# Visual Studio Version 17
VisualStudioVersion = 17.8.34330.188
MinimumVisualStudioVersion = 10.0.40219.1
Project("{F2A71F9B-5D33-465A-A702-920D77279786}") = "Main", "Fsharp-Py Socket\Main.fsproj", "{43B0ADC7-7065-49B6-BF73-A84F3ECCCE73}"
EndProject
Project("{F2A71F9B-5D33-465A-A702-920D77279786}") = "socket-listener", "socket-listener\socket-listener.fsproj", "{6E3B07D4-607E-4BB1-A503-4B28BA6C9586}"
EndProject
Project("{888888A0-9F3D-457C-B088-3A5042F75D52}") = "socket-main", "socket-main\socket-main.pyproj", "{906E71A3-DE31-4680-ABE9-1379506134A0}"
EndProject
Global
	GlobalSection(SolutionConfigurationPlatforms) = preSolution
		Debug|Any CPU = Debug|Any CPU
		Release|Any CPU = Release|Any CPU
	EndGlobalSection
	GlobalSection(ProjectConfigurationPlatforms) = postSolution
		{43B0ADC7-7065-49B6-BF73-A84F3ECCCE73}.Debug|Any CPU.ActiveCfg = Debug|Any CPU
		{43B0ADC7-7065-49B6-BF73-A84F3ECCCE73}.Debug|Any CPU.Build.0 = Debug|Any CPU
		{43B0ADC7-7065-49B6-BF73-A84F3ECCCE73}.Release|Any CPU.ActiveCfg = Release|Any CPU
		{43B0ADC7-7065-49B6-BF73-A84F3ECCCE73}.Release|Any CPU.Build.0 = Release|Any CPU
		{6E3B07D4-607E-4BB1-A503-4B28BA6C9586}.Debug|Any CPU.ActiveCfg = Debug|Any CPU
		{6E3B07D4-607E-4BB1-A503-4B28BA6C9586}.Debug|Any CPU.Build.0 = Debug|Any CPU
		{6E3B07D4-607E-4BB1-A503-4B28BA6C9586}.Release|Any CPU.ActiveCfg = Release|Any CPU
		{6E3B07D4-607E-4BB1-A503-4B28BA6C9586}.Release|Any CPU.Build.0 = Release|Any CPU
		{906E71A3-DE31-4680-ABE9-1379506134A0}.Debug|Any CPU.ActiveCfg = Debug|Any CPU
		{906E71A3-DE31-4680-ABE9-1379506134A0}.Release|Any CPU.ActiveCfg = Release|Any CPU
	EndGlobalSection
	GlobalSection(SolutionProperties) = preSolution
		HideSolutionNode = FALSE
	EndGlobalSection
	GlobalSection(ExtensibilityGlobals) = postSolution
		SolutionGuid = {9D840BA8-0209-4B07-939E-644D0C6FFC74}
	EndGlobalSection
EndGlobal
